
Microsoft Visual Studio Solution File, Format Version 12.00
# Visual Studio Version 16
VisualStudioVersion = 16.0.31321.278
MinimumVisualStudioVersion = 10.0.40219.1
Project("{8BC9CEB8-8B4A-11D0-8D11-00A0C91BC942}") = "Raycaster", "Raycaster\Raycaster.vcxproj", "{EE2890C6-780B-415D-848F-C54E8F153B5B}"
EndProject
Global
	GlobalSection(SolutionConfigurationPlatforms) = preSolution
		Debug|x64 = Debug|x64
		Debug|x86 = Debug|x86
		Release|x64 = Release|x64
		Release|x86 = Release|x86
	EndGlobalSection
	GlobalSection(ProjectConfigurationPlatforms) = postSolution
		{EE2890C6-780B-415D-848F-C54E8F153B5B}.Debug|x64.ActiveCfg = Debug|x64
		{EE2890C6-780B-415D-848F-C54E8F153B5B}.Debug|x64.Build.0 = Debug|x64
		{EE2890C6-780B-415D-848F-C54E8F153B5B}.Debug|x86.ActiveCfg = Debug|Win32
		{EE2890C6-780B-415D-848F-C54E8F153B5B}.Debug|x86.Build.0 = Debug|Win32
		{EE2890C6-780B-415D-848F-C54E8F153B5B}.Release|x64.ActiveCfg = Release|x64
		{EE2890C6-780B-415D-848F-C54E8F153B5B}.Release|x64.Build.0 = Release|x64
		{EE2890C6-780B-415D-848F-C54E8F153B5B}.Release|x86.ActiveCfg = Release|Win32
		{EE2890C6-780B-415D-848F-C54E8F153B5B}.Release|x86.Build.0 = Release|Win32
	EndGlobalSection
	GlobalSection(SolutionProperties) = preSolution
		HideSolutionNode = FALSE
	EndGlobalSection
	GlobalSection(ExtensibilityGlobals) = postSolution
		SolutionGuid = {16EA10AC-5FF5-4E22-8A9A-72781BB184A8}
	EndGlobalSection
EndGlobal
